
Microsoft Visual Studio Solution File, Format Version 12.00
# Visual Studio Version 16
VisualStudioVersion = 16.0.33130.400
MinimumVisualStudioVersion = 10.0.40219.1
Project("{FAE04EC0-301F-11D3-BF4B-00C04F79EFBC}") = "webapp1", "webapp1\webapp1.csproj", "{C11592EF-F8DE-4319-AF60-BB25C32F7A8E}"
EndProject
Global
	GlobalSection(SolutionConfigurationPlatforms) = preSolution
		Debug|Any CPU = Debug|Any CPU
		Release|Any CPU = Release|Any CPU
	EndGlobalSection
	GlobalSection(ProjectConfigurationPlatforms) = postSolution
		{C11592EF-F8DE-4319-AF60-BB25C32F7A8E}.Debug|Any CPU.ActiveCfg = Debug|Any CPU
		{C11592EF-F8DE-4319-AF60-BB25C32F7A8E}.Debug|Any CPU.Build.0 = Debug|Any CPU
		{C11592EF-F8DE-4319-AF60-BB25C32F7A8E}.Release|Any CPU.ActiveCfg = Release|Any CPU
		{C11592EF-F8DE-4319-AF60-BB25C32F7A8E}.Release|Any CPU.Build.0 = Release|Any CPU
	EndGlobalSection
	GlobalSection(SolutionProperties) = preSolution
		HideSolutionNode = FALSE
	EndGlobalSection
	GlobalSection(ExtensibilityGlobals) = postSolution
		SolutionGuid = {5E90763B-D837-4934-ADC3-F010CAACBF6B}
	EndGlobalSection
EndGlobal
